
Microsoft Visual Studio Solution File, Format Version 12.00
# Visual Studio Version 17
VisualStudioVersion = 17.13.35828.75
MinimumVisualStudioVersion = 10.0.40219.1
Project("{FAE04EC0-301F-11D3-BF4B-00C04F79EFBC}") = "BirthdayGreeting", "BirthdayGreeting\BirthdayGreeting.csproj", "{7E60E571-0FB1-43AD-A80C-E834B965D349}"
EndProject
Project("{FAE04EC0-301F-11D3-BF4B-00C04F79EFBC}") = "BirthdayGreeting.Tests", "BirthdayGreetingTests\BirthdayGreeting.Tests.csproj", "{62A1C23E-684E-420B-85ED-A7F8D3CA3AAC}"
EndProject
Project("{FAE04EC0-301F-11D3-BF4B-00C04F79EFBC}") = "BirthdayGreeting.Application", "BirthdayGreeting.Application\BirthdayGreeting.Application.csproj", "{1F32D766-2131-4606-94CA-74F28832E7E8}"
EndProject
Global
	GlobalSection(SolutionConfigurationPlatforms) = preSolution
		Debug|Any CPU = Debug|Any CPU
		Release|Any CPU = Release|Any CPU
	EndGlobalSection
	GlobalSection(ProjectConfigurationPlatforms) = postSolution
		{7E60E571-0FB1-43AD-A80C-E834B965D349}.Debug|Any CPU.ActiveCfg = Debug|Any CPU
		{7E60E571-0FB1-43AD-A80C-E834B965D349}.Debug|Any CPU.Build.0 = Debug|Any CPU
		{7E60E571-0FB1-43AD-A80C-E834B965D349}.Release|Any CPU.ActiveCfg = Release|Any CPU
		{7E60E571-0FB1-43AD-A80C-E834B965D349}.Release|Any CPU.Build.0 = Release|Any CPU
		{62A1C23E-684E-420B-85ED-A7F8D3CA3AAC}.Debug|Any CPU.ActiveCfg = Debug|Any CPU
		{62A1C23E-684E-420B-85ED-A7F8D3CA3AAC}.Debug|Any CPU.Build.0 = Debug|Any CPU
		{62A1C23E-684E-420B-85ED-A7F8D3CA3AAC}.Release|Any CPU.ActiveCfg = Release|Any CPU
		{62A1C23E-684E-420B-85ED-A7F8D3CA3AAC}.Release|Any CPU.Build.0 = Release|Any CPU
		{1F32D766-2131-4606-94CA-74F28832E7E8}.Debug|Any CPU.ActiveCfg = Debug|Any CPU
		{1F32D766-2131-4606-94CA-74F28832E7E8}.Debug|Any CPU.Build.0 = Debug|Any CPU
		{1F32D766-2131-4606-94CA-74F28832E7E8}.Release|Any CPU.ActiveCfg = Release|Any CPU
		{1F32D766-2131-4606-94CA-74F28832E7E8}.Release|Any CPU.Build.0 = Release|Any CPU
	EndGlobalSection
	GlobalSection(SolutionProperties) = preSolution
		HideSolutionNode = FALSE
	EndGlobalSection
	GlobalSection(ExtensibilityGlobals) = postSolution
		SolutionGuid = {E854083D-84CB-47E1-99A6-567528F173CF}
	EndGlobalSection
EndGlobal
